dependencies:
- name: postgresql
  repository: file://../../common/postgresql
  version: 0.3.0
- name: pgmetrics
  repository: file://../../common/pgmetrics
  version: 0.1.0
- name: memcached
  repository: file://../../common/memcached
  version: 0.0.1
- name: rabbitmq
  repository: file://../../common/rabbitmq
  version: 0.2.0
- name: utils
  repository: file://../../openstack/utils
  version: 0.1.1
digest: sha256:93816990083e267b62ca76e864cbde69a8768be0625fe624d3a6e19be1037d54
generated: 2018-07-30T11:25:35.084694+02:00
